
Microsoft Visual Studio Solution File, Format Version 12.00
# Visual Studio Version 16
VisualStudioVersion = 16.0.29215.179
MinimumVisualStudioVersion = 10.0.40219.1
Project("{FAE04EC0-301F-11D3-BF4B-00C04F79EFBC}") = "estaticobien1", "estaticobien1\estaticobien1.csproj", "{44AE1B09-AD78-4F3B-8DC6-E728E194BAD1}"
EndProject
Global
	GlobalSection(SolutionConfigurationPlatforms) = preSolution
		Debug|Any CPU = Debug|Any CPU
		Release|Any CPU = Release|Any CPU
	EndGlobalSection
	GlobalSection(ProjectConfigurationPlatforms) = postSolution
		{44AE1B09-AD78-4F3B-8DC6-E728E194BAD1}.Debug|Any CPU.ActiveCfg = Debug|Any CPU
		{44AE1B09-AD78-4F3B-8DC6-E728E194BAD1}.Debug|Any CPU.Build.0 = Debug|Any CPU
		{44AE1B09-AD78-4F3B-8DC6-E728E194BAD1}.Release|Any CPU.ActiveCfg = Release|Any CPU
		{44AE1B09-AD78-4F3B-8DC6-E728E194BAD1}.Release|Any CPU.Build.0 = Release|Any CPU
	EndGlobalSection
	GlobalSection(SolutionProperties) = preSolution
		HideSolutionNode = FALSE
	EndGlobalSection
	GlobalSection(ExtensibilityGlobals) = postSolution
		SolutionGuid = {977135AF-47BF-467F-A506-F1929F8976EC}
	EndGlobalSection
EndGlobal
